
Microsoft Visual Studio Solution File, Format Version 12.00
# Visual Studio Version 16
VisualStudioVersion = 16.0.29613.14
MinimumVisualStudioVersion = 10.0.40219.1
Project("{9A19103F-16F7-4668-BE54-9A1E7A4F7556}") = "RUINBot", "RUINBot\RUINBot.csproj", "{5AE55953-C81C-459C-B9CC-EF236D225D09}"
EndProject
Project("{9A19103F-16F7-4668-BE54-9A1E7A4F7556}") = "RUINBot.Console", "RUINBot.Console\RUINBot.Console.csproj", "{0D942532-D83F-49B3-BCBB-136C1A996E34}"
EndProject
Project("{9A19103F-16F7-4668-BE54-9A1E7A4F7556}") = "RUINBot.Core", "RUINBot.Core\RUINBot.Core.csproj", "{A4EFD98C-03F4-4AA3-907E-A79D25B34E38}"
EndProject
Global
	GlobalSection(SolutionConfigurationPlatforms) = preSolution
		Debug|Any CPU = Debug|Any CPU
		Debug|ARM = Debug|ARM
		Debug|ARM64 = Debug|ARM64
		Debug|x64 = Debug|x64
		Debug|x86 = Debug|x86
		Release|Any CPU = Release|Any CPU
		Release|ARM = Release|ARM
		Release|ARM64 = Release|ARM64
		Release|x64 = Release|x64
		Release|x86 = Release|x86
	EndGlobalSection
	GlobalSection(ProjectConfigurationPlatforms) = postSolution
		{5AE55953-C81C-459C-B9CC-EF236D225D09}.Debug|Any CPU.ActiveCfg = Debug|Any CPU
		{5AE55953-C81C-459C-B9CC-EF236D225D09}.Debug|Any CPU.Build.0 = Debug|Any CPU
		{5AE55953-C81C-459C-B9CC-EF236D225D09}.Debug|ARM.ActiveCfg = Debug|Any CPU
		{5AE55953-C81C-459C-B9CC-EF236D225D09}.Debug|ARM.Build.0 = Debug|Any CPU
		{5AE55953-C81C-459C-B9CC-EF236D225D09}.Debug|ARM64.ActiveCfg = Debug|Any CPU
		{5AE55953-C81C-459C-B9CC-EF236D225D09}.Debug|ARM64.Build.0 = Debug|Any CPU
		{5AE55953-C81C-459C-B9CC-EF236D225D09}.Debug|x64.ActiveCfg = Debug|Any CPU
		{5AE55953-C81C-459C-B9CC-EF236D225D09}.Debug|x64.Build.0 = Debug|Any CPU
		{5AE55953-C81C-459C-B9CC-EF236D225D09}.Debug|x86.ActiveCfg = Debug|Any CPU
		{5AE55953-C81C-459C-B9CC-EF236D225D09}.Debug|x86.Build.0 = Debug|Any CPU
		{5AE55953-C81C-459C-B9CC-EF236D225D09}.Release|Any CPU.ActiveCfg = Release|Any CPU
		{5AE55953-C81C-459C-B9CC-EF236D225D09}.Release|Any CPU.Build.0 = Release|Any CPU
		{5AE55953-C81C-459C-B9CC-EF236D225D09}.Release|ARM.ActiveCfg = Release|Any CPU
		{5AE55953-C81C-459C-B9CC-EF236D225D09}.Release|ARM.Build.0 = Release|Any CPU
		{5AE55953-C81C-459C-B9CC-EF236D225D09}.Release|ARM64.ActiveCfg = Release|Any CPU
		{5AE55953-C81C-459C-B9CC-EF236D225D09}.Release|ARM64.Build.0 = Release|Any CPU
		{5AE55953-C81C-459C-B9CC-EF236D225D09}.Release|x64.ActiveCfg = Release|Any CPU
		{5AE55953-C81C-459C-B9CC-EF236D225D09}.Release|x86.ActiveCfg = Release|Any CPU
		{5AE55953-C81C-459C-B9CC-EF236D225D09}.Release|x86.Build.0 = Release|Any CPU
		{0D942532-D83F-49B3-BCBB-136C1A996E34}.Debug|Any CPU.ActiveCfg = Debug|Any CPU
		{0D942532-D83F-49B3-BCBB-136C1A996E34}.Debug|Any CPU.Build.0 = Debug|Any CPU
		{0D942532-D83F-49B3-BCBB-136C1A996E34}.Debug|ARM.ActiveCfg = Debug|Any CPU
		{0D942532-D83F-49B3-BCBB-136C1A996E34}.Debug|ARM.Build.0 = Debug|Any CPU
		{0D942532-D83F-49B3-BCBB-136C1A996E34}.Debug|ARM64.ActiveCfg = Debug|Any CPU
		{0D942532-D83F-49B3-BCBB-136C1A996E34}.Debug|ARM64.Build.0 = Debug|Any CPU
		{0D942532-D83F-49B3-BCBB-136C1A996E34}.Debug|x64.ActiveCfg = Debug|Any CPU
		{0D942532-D83F-49B3-BCBB-136C1A996E34}.Debug|x64.Build.0 = Debug|Any CPU
		{0D942532-D83F-49B3-BCBB-136C1A996E34}.Debug|x86.ActiveCfg = Debug|Any CPU
		{0D942532-D83F-49B3-BCBB-136C1A996E34}.Debug|x86.Build.0 = Debug|Any CPU
		{0D942532-D83F-49B3-BCBB-136C1A996E34}.Release|Any CPU.ActiveCfg = Release|Any CPU
		{0D942532-D83F-49B3-BCBB-136C1A996E34}.Release|Any CPU.Build.0 = Release|Any CPU
		{0D942532-D83F-49B3-BCBB-136C1A996E34}.Release|ARM.ActiveCfg = Release|Any CPU
		{0D942532-D83F-49B3-BCBB-136C1A996E34}.Release|ARM.Build.0 = Release|Any CPU
		{0D942532-D83F-49B3-BCBB-136C1A996E34}.Release|ARM64.ActiveCfg = Release|Any CPU
		{0D942532-D83F-49B3-BCBB-136C1A996E34}.Release|ARM64.Build.0 = Release|Any CPU
		{0D942532-D83F-49B3-BCBB-136C1A996E34}.Release|x64.ActiveCfg = Release|Any CPU
		{0D942532-D83F-49B3-BCBB-136C1A996E34}.Release|x64.Build.0 = Release|Any CPU
		{0D942532-D83F-49B3-BCBB-136C1A996E34}.Release|x86.ActiveCfg = Release|Any CPU
		{0D942532-D83F-49B3-BCBB-136C1A996E34}.Release|x86.Build.0 = Release|Any CPU
		{A4EFD98C-03F4-4AA3-907E-A79D25B34E38}.Debug|Any CPU.ActiveCfg = Debug|Any CPU
		{A4EFD98C-03F4-4AA3-907E-A79D25B34E38}.Debug|Any CPU.Build.0 = Debug|Any CPU
		{A4EFD98C-03F4-4AA3-907E-A79D25B34E38}.Debug|ARM.ActiveCfg = Debug|Any CPU
		{A4EFD98C-03F4-4AA3-907E-A79D25B34E38}.Debug|ARM.Build.0 = Debug|Any CPU
		{A4EFD98C-03F4-4AA3-907E-A79D25B34E38}.Debug|ARM64.ActiveCfg = Debug|Any CPU
		{A4EFD98C-03F4-4AA3-907E-A79D25B34E38}.Debug|ARM64.Build.0 = Debug|Any CPU
		{A4EFD98C-03F4-4AA3-907E-A79D25B34E38}.Debug|x64.ActiveCfg = Debug|Any CPU
		{A4EFD98C-03F4-4AA3-907E-A79D25B34E38}.Debug|x64.Build.0 = Debug|Any CPU
		{A4EFD98C-03F4-4AA3-907E-A79D25B34E38}.Debug|x86.ActiveCfg = Debug|Any CPU
		{A4EFD98C-03F4-4AA3-907E-A79D25B34E38}.Debug|x86.Build.0 = Debug|Any CPU
		{A4EFD98C-03F4-4AA3-907E-A79D25B34E38}.Release|Any CPU.ActiveCfg = Release|Any CPU
		{A4EFD98C-03F4-4AA3-907E-A79D25B34E38}.Release|Any CPU.Build.0 = Release|Any CPU
		{A4EFD98C-03F4-4AA3-907E-A79D25B34E38}.Release|ARM.ActiveCfg = Release|Any CPU
		{A4EFD98C-03F4-4AA3-907E-A79D25B34E38}.Release|ARM.Build.0 = Release|Any CPU
		{A4EFD98C-03F4-4AA3-907E-A79D25B34E38}.Release|ARM64.ActiveCfg = Release|Any CPU
		{A4EFD98C-03F4-4AA3-907E-A79D25B34E38}.Release|ARM64.Build.0 = Release|Any CPU
		{A4EFD98C-03F4-4AA3-907E-A79D25B34E38}.Release|x64.ActiveCfg = Release|Any CPU
		{A4EFD98C-03F4-4AA3-907E-A79D25B34E38}.Release|x64.Build.0 = Release|Any CPU
		{A4EFD98C-03F4-4AA3-907E-A79D25B34E38}.Release|x86.ActiveCfg = Release|Any CPU
		{A4EFD98C-03F4-4AA3-907E-A79D25B34E38}.Release|x86.Build.0 = Release|Any CPU
	EndGlobalSection
	GlobalSection(SolutionProperties) = preSolution
		HideSolutionNode = FALSE
	EndGlobalSection
	GlobalSection(ExtensibilityGlobals) = postSolution
		SolutionGuid = {EF57DF5F-52F4-4815-9643-AAB8DB0DEFA5}
	EndGlobalSection
EndGlobal
